
Microsoft Visual Studio Solution File, Format Version 12.00
# Visual Studio Version 17
VisualStudioVersion = 17.11.35312.102
MinimumVisualStudioVersion = 10.0.40219.1
Project("{FAE04EC0-301F-11D3-BF4B-00C04F79EFBC}") = "LivingNowWebAPI", "LivingNowWebAPI\LivingNowWebAPI.csproj", "{5E01BE2B-7D30-459F-A9FA-7D35C7919EC8}"
EndProject
Global
	GlobalSection(SolutionConfigurationPlatforms) = preSolution
		Debug|Any CPU = Debug|Any CPU
		Release|Any CPU = Release|Any CPU
	EndGlobalSection
	GlobalSection(ProjectConfigurationPlatforms) = postSolution
		{5E01BE2B-7D30-459F-A9FA-7D35C7919EC8}.Debug|Any CPU.ActiveCfg = Debug|Any CPU
		{5E01BE2B-7D30-459F-A9FA-7D35C7919EC8}.Debug|Any CPU.Build.0 = Debug|Any CPU
		{5E01BE2B-7D30-459F-A9FA-7D35C7919EC8}.Release|Any CPU.ActiveCfg = Release|Any CPU
		{5E01BE2B-7D30-459F-A9FA-7D35C7919EC8}.Release|Any CPU.Build.0 = Release|Any CPU
	EndGlobalSection
	GlobalSection(SolutionProperties) = preSolution
		HideSolutionNode = FALSE
	EndGlobalSection
	GlobalSection(ExtensibilityGlobals) = postSolution
		SolutionGuid = {67868DBC-AEFC-4CF7-A28D-9A0814B0D8D1}
	EndGlobalSection
EndGlobal
